
Microsoft Visual Studio Solution File, Format Version 12.00
# Visual Studio Version 16
VisualStudioVersion = 16.0.29306.81
MinimumVisualStudioVersion = 10.0.40219.1
Project("{FAE04EC0-301F-11D3-BF4B-00C04F79EFBC}") = "RecipeWebsite", "RecipeWebsite\RecipeWebsite.csproj", "{19B428C6-5872-4E97-8E12-BDA97542016B}"
EndProject
Global
	GlobalSection(SolutionConfigurationPlatforms) = preSolution
		Debug|Any CPU = Debug|Any CPU
		Release|Any CPU = Release|Any CPU
	EndGlobalSection
	GlobalSection(ProjectConfigurationPlatforms) = postSolution
		{19B428C6-5872-4E97-8E12-BDA97542016B}.Debug|Any CPU.ActiveCfg = Debug|Any CPU
		{19B428C6-5872-4E97-8E12-BDA97542016B}.Debug|Any CPU.Build.0 = Debug|Any CPU
		{19B428C6-5872-4E97-8E12-BDA97542016B}.Release|Any CPU.ActiveCfg = Release|Any CPU
		{19B428C6-5872-4E97-8E12-BDA97542016B}.Release|Any CPU.Build.0 = Release|Any CPU
	EndGlobalSection
	GlobalSection(SolutionProperties) = preSolution
		HideSolutionNode = FALSE
	EndGlobalSection
	GlobalSection(ExtensibilityGlobals) = postSolution
		SolutionGuid = {B124820A-7803-49FB-BB3E-5FB674D4D3B7}
	EndGlobalSection
EndGlobal
